
Microsoft Visual Studio Solution File, Format Version 12.00
Project("{FAE04EC0-301F-11D3-BF4B-00C04F79EFBC}") = "SoftwareProject", "SoftwareProject.csproj", "{B0453D39-C7E0-4951-BF89-179FB38398E3}"
EndProject
Project("{FAE04EC0-301F-11D3-BF4B-00C04F79EFBC}") = "UnitTests", "UnitTests\UnitTests.csproj", "{7159B93D-1196-4722-B444-3AFCC011FF52}"
EndProject
Project("{FAE04EC0-301F-11D3-BF4B-00C04F79EFBC}") = "FrontEndTests", "FrontEndTests\FrontEndTests.csproj", "{B500A10F-3772-4063-B1F9-8CF2D1F6499C}"
EndProject
Global
	GlobalSection(SolutionConfigurationPlatforms) = preSolution
		Debug|Any CPU = Debug|Any CPU
		Release|Any CPU = Release|Any CPU
	EndGlobalSection
	GlobalSection(ProjectConfigurationPlatforms) = postSolution
		{B0453D39-C7E0-4951-BF89-179FB38398E3}.Debug|Any CPU.ActiveCfg = Debug|Any CPU
		{B0453D39-C7E0-4951-BF89-179FB38398E3}.Debug|Any CPU.Build.0 = Debug|Any CPU
		{B0453D39-C7E0-4951-BF89-179FB38398E3}.Release|Any CPU.ActiveCfg = Release|Any CPU
		{B0453D39-C7E0-4951-BF89-179FB38398E3}.Release|Any CPU.Build.0 = Release|Any CPU
		{7159B93D-1196-4722-B444-3AFCC011FF52}.Debug|Any CPU.ActiveCfg = Debug|Any CPU
		{7159B93D-1196-4722-B444-3AFCC011FF52}.Debug|Any CPU.Build.0 = Debug|Any CPU
		{7159B93D-1196-4722-B444-3AFCC011FF52}.Release|Any CPU.ActiveCfg = Release|Any CPU
		{7159B93D-1196-4722-B444-3AFCC011FF52}.Release|Any CPU.Build.0 = Release|Any CPU
		{B500A10F-3772-4063-B1F9-8CF2D1F6499C}.Debug|Any CPU.ActiveCfg = Debug|Any CPU
		{B500A10F-3772-4063-B1F9-8CF2D1F6499C}.Debug|Any CPU.Build.0 = Debug|Any CPU
		{B500A10F-3772-4063-B1F9-8CF2D1F6499C}.Release|Any CPU.ActiveCfg = Release|Any CPU
		{B500A10F-3772-4063-B1F9-8CF2D1F6499C}.Release|Any CPU.Build.0 = Release|Any CPU
	EndGlobalSection
EndGlobal
