
Microsoft Visual Studio Solution File, Format Version 12.00
Project("{FAE04EC0-301F-11D3-BF4B-00C04F79EFBC}") = "SoftwareProject", "SoftwareProject\SoftwareProject.csproj", "{4F0F26A1-BEB7-4A7C-AAD4-6646A0724518}"
EndProject
Project("{FAE04EC0-301F-11D3-BF4B-00C04F79EFBC}") = "SoftwareProject.Client", "SoftwareProject.Client\SoftwareProject.Client.csproj", "{0B3249E8-52F9-41A7-A41D-7768207DDB32}"
EndProject
Project("{FAE04EC0-301F-11D3-BF4B-00C04F79EFBC}") = "UnitTests", "UnitTests\UnitTests.csproj", "{0B3249E8-52F9-41A7-A41D-7768207DDB32}"
EndProject
Project("{FAE04EC0-301F-11D3-BF4B-00C04F79EFBC}") = "FrontEndTests", "FrontEndTests\FrontEndTests.csproj", "{0B3249E8-52F9-41A7-A41D-7768207DDB32}"
EndProject
Global
	GlobalSection(SolutionConfigurationPlatforms) = preSolution
		Debug|Any CPU = Debug|Any CPU
		Release|Any CPU = Release|Any CPU
	EndGlobalSection
	GlobalSection(ProjectConfigurationPlatforms) = postSolution
		{4F0F26A1-BEB7-4A7C-AAD4-6646A0724518}.Debug|Any CPU.ActiveCfg = Debug|Any CPU
		{4F0F26A1-BEB7-4A7C-AAD4-6646A0724518}.Debug|Any CPU.Build.0 = Debug|Any CPU
		{4F0F26A1-BEB7-4A7C-AAD4-6646A0724518}.Release|Any CPU.ActiveCfg = Release|Any CPU
		{4F0F26A1-BEB7-4A7C-AAD4-6646A0724518}.Release|Any CPU.Build.0 = Release|Any CPU
		{0B3249E8-52F9-41A7-A41D-7768207DDB32}.Debug|Any CPU.ActiveCfg = Debug|Any CPU
		{0B3249E8-52F9-41A7-A41D-7768207DDB32}.Debug|Any CPU.Build.0 = Debug|Any CPU
		{0B3249E8-52F9-41A7-A41D-7768207DDB32}.Release|Any CPU.ActiveCfg = Release|Any CPU
		{0B3249E8-52F9-41A7-A41D-7768207DDB32}.Release|Any CPU.Build.0 = Release|Any CPU
	EndGlobalSection
EndGlobal
